// !$*UTF8*$!
{
	archiveVersion = 1;
	classes = {
	};
	objectVersion = 46;
	objects = {

/* Begin PBXBuildFile section */
		86E830BE9DD4099007F117E1 /* Pods_AFNDownloaderDemo.framework in Frameworks */ = {isa = PBXBuildFile; fileRef = 065A829C744A4B66E369D329 /* Pods_AFNDownloaderDemo.framework */; };
		ABE9219F1E0A81EB0071E890 /* main.m in Sources */ = {isa = PBXBuildFile; fileRef = ABE9219E1E0A81EB0071E890 /* main.m */; };
		ABE921A21E0A81EB0071E890 /* AppDelegate.m in Sources */ = {isa = PBXBuildFile; fileRef = ABE921A11E0A81EB0071E890 /* AppDelegate.m */; };
		ABE921A51E0A81EB0071E890 /* ViewController.m in Sources */ = {isa = PBXBuildFile; fileRef = ABE921A41E0A81EB0071E890 /* ViewController.m */; };
		ABE921A81E0A81EB0071E890 /* Main.storyboard in Resources */ = {isa = PBXBuildFile; fileRef = ABE921A61E0A81EB0071E890 /* Main.storyboard */; };
		ABE921AA1E0A81EB0071E890 /* Assets.xcassets in Resources */ = {isa = PBXBuildFile; fileRef = ABE921A91E0A81EB0071E890 /* Assets.xcassets */; };
		ABE921AD1E0A81EB0071E890 /* LaunchScreen.storyboard in Resources */ = {isa = PBXBuildFile; fileRef = ABE921AB1E0A81EB0071E890 /* LaunchScreen.storyboard */; };
		ABE921B81E0A81EB0071E890 /* AFNDownloaderDemoTests.m in Sources */ = {isa = PBXBuildFile; fileRef = ABE921B71E0A81EB0071E890 /* AFNDownloaderDemoTests.m */; };
		ABE921C31E0A81EB0071E890 /* AFNDownloaderDemoUITests.m in Sources */ = {isa = PBXBuildFile; fileRef = ABE921C21E0A81EB0071E890 /* AFNDownloaderDemoUITests.m */; };
/* End PBXBuildFile section */

/* Begin PBXContainerItemProxy section */
		ABE921B41E0A81EB0071E890 /* PBXContainerItemProxy */ = {
			isa = PBXContainerItemProxy;
			containerPortal = ABE921921E0A81EB0071E890 /* Project object */;
			proxyType = 1;
			remoteGlobalIDString = ABE921991E0A81EB0071E890;
			remoteInfo = AFNDownloaderDemo;
		};
		ABE921BF1E0A81EB0071E890 /* PBXContainerItemProxy */ = {
			isa = PBXContainerItemProxy;
			containerPortal = ABE921921E0A81EB0071E890 /* Project object */;
			proxyType = 1;
			remoteGlobalIDString = ABE921991E0A81EB0071E890;
			remoteInfo = AFNDownloaderDemo;
		};
/* End PBXContainerItemProxy section */

/* Begin PBXFileReference section */
		065A829C744A4B66E369D329 /* Pods_AFNDownloaderDemo.framework */ = {isa = PBXFileReference; explicitFileType = wrapper.framework; includeInIndex = 0; path = Pods_AFNDownloaderDemo.framework; sourceTree = BUILT_PRODUCTS_DIR; };
		ABE9219A1E0A81EB0071E890 /* AFNDownloaderDemo.app */ = {isa = PBXFileReference; explicitFileType = wrapper.application; includeInIndex = 0; path = AFNDownloaderDemo.app; sourceTree = BUILT_PRODUCTS_DIR; };
		ABE9219E1E0A81EB0071E890 /* main.m */ = {isa = PBXFileReference; lastKnownFileType = sourcecode.c.objc; path = main.m; sourceTree = "<group>"; };
		ABE921A01E0A81EB0071E890 /* AppDelegate.h */ = {isa = PBXFileReference; lastKnownFileType = sourcecode.c.h; path = AppDelegate.h; sourceTree = "<group>"; };
		ABE921A11E0A81EB0071E890 /* AppDelegate.m */ = {isa = PBXFileReference; lastKnownFileType = sourcecode.c.objc; path = AppDelegate.m; sourceTree = "<group>"; };
		ABE921A31E0A81EB0071E890 /* ViewController.h */ = {isa = PBXFileReference; lastKnownFileType = sourcecode.c.h; path = ViewController.h; sourceTree = "<group>"; };
		ABE921A41E0A81EB0071E890 /* ViewController.m */ = {isa = PBXFileReference; lastKnownFileType = sourcecode.c.objc; path = ViewController.m; sourceTree = "<group>"; };
		ABE921A71E0A81EB0071E890 /* Base */ = {isa = PBXFileReference; lastKnownFileType = file.storyboard; name = Base; path = Base.lproj/Main.storyboard; sourceTree = "<group>"; };
		ABE921A91E0A81EB0071E890 /* Assets.xcassets */ = {isa = PBXFileReference; lastKnownFileType = folder.assetcatalog; path = Assets.xcassets; sourceTree = "<group>"; };
		ABE921AC1E0A81EB0071E890 /* Base */ = {isa = PBXFileReference; lastKnownFileType = file.storyboard; name = Base; path = Base.lproj/LaunchScreen.storyboard; sourceTree = "<group>"; };
		ABE921AE1E0A81EB0071E890 /* Info.plist */ = {isa = PBXFileReference; lastKnownFileType = text.plist.xml; path = Info.plist; sourceTree = "<group>"; };
		ABE921B31E0A81EB0071E890 /* AFNDownloaderDemoTests.xctest */ = {isa = PBXFileReference; explicitFileType = wrapper.cfbundle; includeInIndex = 0; path = AFNDownloaderDemoTests.xctest; sourceTree = BUILT_PRODUCTS_DIR; };
		ABE921B71E0A81EB0071E890 /* AFNDownloaderDemoTests.m */ = {isa = PBXFileReference; lastKnownFileType = sourcecode.c.objc; path = AFNDownloaderDemoTests.m; sourceTree = "<group>"; };
		ABE921B91E0A81EB0071E890 /* Info.plist */ = {isa = PBXFileReference; lastKnownFileType = text.plist.xml; path = Info.plist; sourceTree = "<group>"; };
		ABE921BE1E0A81EB0071E890 /* AFNDownloaderDemoUITests.xctest */ = {isa = PBXFileReference; explicitFileType = wrapper.cfbundle; includeInIndex = 0; path = AFNDownloaderDemoUITests.xctest; sourceTree = BUILT_PRODUCTS_DIR; };
		ABE921C21E0A81EB0071E890 /* AFNDownloaderDemoUITests.m */ = {isa = PBXFileReference; lastKnownFileType = sourcecode.c.objc; path = AFNDownloaderDemoUITests.m; sourceTree = "<group>"; };
		ABE921C41E0A81EB0071E890 /* Info.plist */ = {isa = PBXFileReference; lastKnownFileType = text.plist.xml; path = Info.plist; sourceTree = "<group>"; };
		C56FAE89641A6AF4273BC451 /* Pods-AFNDownloaderDemo.debug.xcconfig */ = {isa = PBXFileReference; includeInIndex = 1; lastKnownFileType = text.xcconfig; name = "Pods-AFNDownloaderDemo.debug.xcconfig"; path = "Pods/Target Support Files/Pods-AFNDownloaderDemo/Pods-AFNDownloaderDemo.debug.xcconfig"; sourceTree = "<group>"; };
		DFDB37508D2A1CE1E2DB415C /* Pods-AFNDownloaderDemo.release.xcconfig */ = {isa = PBXFileReference; includeInIndex = 1; lastKnownFileType = text.xcconfig; name = "Pods-AFNDownloaderDemo.release.xcconfig"; path = "Pods/Target Support Files/Pods-AFNDownloaderDemo/Pods-AFNDownloaderDemo.release.xcconfig"; sourceTree = "<group>"; };
/* End PBXFileReference section */

/* Begin PBXFrameworksBuildPhase section */
		ABE921971E0A81EB0071E890 /* Frameworks */ = {
			isa = PBXFrameworksBuildPhase;
			buildActionMask = 2147483647;
			files = (
				86E830BE9DD4099007F117E1 /* Pods_AFNDownloaderDemo.framework in Frameworks */,
			);
			runOnlyForDeploymentPostprocessing = 0;
		};
		ABE921B01E0A81EB0071E890 /* Frameworks */ = {
			isa = PBXFrameworksBuildPhase;
			buildActionMask = 2147483647;
			files = (
			);
			runOnlyForDeploymentPostprocessing = 0;
		};
		ABE921BB1E0A81EB0071E890 /* Frameworks */ = {
			isa = PBXFrameworksBuildPhase;
			buildActionMask = 2147483647;
			files = (
			);
			runOnlyForDeploymentPostprocessing = 0;
		};
/* End PBXFrameworksBuildPhase section */

/* Begin PBXGroup section */
		6286F6FFE81E957F486697F5 /* Frameworks */ = {
			isa = PBXGroup;
			children = (
				065A829C744A4B66E369D329 /* Pods_AFNDownloaderDemo.framework */,
			);
			name = Frameworks;
			sourceTree = "<group>";
		};
		ABE921911E0A81EB0071E890 = {
			isa = PBXGroup;
			children = (
				ABE9219C1E0A81EB0071E890 /* AFNDownloaderDemo */,
				ABE921B61E0A81EB0071E890 /* AFNDownloaderDemoTests */,
				ABE921C11E0A81EB0071E890 /* AFNDownloaderDemoUITests */,
				ABE9219B1E0A81EB0071E890 /* Products */,
				FB6D281962F038423B4532ED /* Pods */,
				6286F6FFE81E957F486697F5 /* Frameworks */,
			);
			sourceTree = "<group>";
		};
		ABE9219B1E0A81EB0071E890 /* Products */ = {
			isa = PBXGroup;
			children = (
				ABE9219A1E0A81EB0071E890 /* AFNDownloaderDemo.app */,
				ABE921B31E0A81EB0071E890 /* AFNDownloaderDemoTests.xctest */,
				ABE921BE1E0A81EB0071E890 /* AFNDownloaderDemoUITests.xctest */,
			);
			name = Products;
			sourceTree = "<group>";
		};
		ABE9219C1E0A81EB0071E890 /* AFNDownloaderDemo */ = {
			isa = PBXGroup;
			children = (
				ABE921A01E0A81EB0071E890 /* AppDelegate.h */,
				ABE921A11E0A81EB0071E890 /* AppDelegate.m */,
				ABE921A31E0A81EB0071E890 /* ViewController.h */,
				ABE921A41E0A81EB0071E890 /* ViewController.m */,
				ABE921A61E0A81EB0071E890 /* Main.storyboard */,
				ABE921A91E0A81EB0071E890 /* Assets.xcassets */,
				ABE921AB1E0A81EB0071E890 /* LaunchScreen.storyboard */,
				ABE921AE1E0A81EB0071E890 /* Info.plist */,
				ABE9219D1E0A81EB0071E890 /* Supporting Files */,
			);
			path = AFNDownloaderDemo;
			sourceTree = "<group>";
		};
		ABE9219D1E0A81EB0071E890 /* Supporting Files */ = {
			isa = PBXGroup;
			children = (
				ABE9219E1E0A81EB0071E890 /* main.m */,
			);
			name = "Supporting Files";
			sourceTree = "<group>";
		};
		ABE921B61E0A81EB0071E890 /* AFNDownloaderDemoTests */ = {
			isa = PBXGroup;
			children = (
				ABE921B71E0A81EB0071E890 /* AFNDownloaderDemoTests.m */,
				ABE921B91E0A81EB0071E890 /* Info.plist */,
			);
			path = AFNDownloaderDemoTests;
			sourceTree = "<group>";
		};
		ABE921C11E0A81EB0071E890 /* AFNDownloaderDemoUITests */ = {
			isa = PBXGroup;
			children = (
				ABE921C21E0A81EB0071E890 /* AFNDownloaderDemoUITests.m */,
				ABE921C41E0A81EB0071E890 /* Info.plist */,
			);
			path = AFNDownloaderDemoUITests;
			sourceTree = "<group>";
		};
		FB6D281962F038423B4532ED /* Pods */ = {
			isa = PBXGroup;
			children = (
				C56FAE89641A6AF4273BC451 /* Pods-AFNDownloaderDemo.debug.xcconfig */,
				DFDB37508D2A1CE1E2DB415C /* Pods-AFNDownloaderDemo.release.xcconfig */,
			);
			name = Pods;
			sourceTree = "<group>";
		};
/* End PBXGroup section */

/* Begin PBXNativeTarget section */
		ABE921991E0A81EB0071E890 /* AFNDownloaderDemo */ = {
			isa = PBXNativeTarget;
			buildConfigurationList = ABE921C71E0A81EB0071E890 /* Build configuration list for PBXNativeTarget "AFNDownloaderDemo" */;
			buildPhases = (
				CBF0A30EC26FEBBD2979397F /* [CP] Check Pods Manifest.lock */,
				ABE921961E0A81EB0071E890 /* Sources */,
				ABE921971E0A81EB0071E890 /* Frameworks */,
				ABE921981E0A81EB0071E890 /* Resources */,
				DBB64F2537066D22ACFCD2C7 /* [CP] Embed Pods Frameworks */,
				0F379A099A7D9F8C6E2DD715 /* [CP] Copy Pods Resources */,
			);
			buildRules = (
			);
			dependencies = (
			);
			name = AFNDownloaderDemo;
			productName = AFNDownloaderDemo;
			productReference = ABE9219A1E0A81EB0071E890 /* AFNDownloaderDemo.app */;
			productType = "com.apple.product-type.application";
		};
		ABE921B21E0A81EB0071E890 /* AFNDownloaderDemoTests */ = {
			isa = PBXNativeTarget;
			buildConfigurationList = ABE921CA1E0A81EB0071E890 /* Build configuration list for PBXNativeTarget "AFNDownloaderDemoTests" */;
			buildPhases = (
				ABE921AF1E0A81EB0071E890 /* Sources */,
				ABE921B01E0A81EB0071E890 /* Frameworks */,
				ABE921B11E0A81EB0071E890 /* Resources */,
			);
			buildRules = (
			);
			dependencies = (
				ABE921B51E0A81EB0071E890 /* PBXTargetDependency */,
			);
			name = AFNDownloaderDemoTests;
			productName = AFNDownloaderDemoTests;
			productReference = ABE921B31E0A81EB0071E890 /* AFNDownloaderDemoTests.xctest */;
			productType = "com.apple.product-type.bundle.unit-test";
		};
		ABE921BD1E0A81EB0071E890 /* AFNDownloaderDemoUITests */ = {
			isa = PBXNativeTarget;
			buildConfigurationList = ABE921CD1E0A81EB0071E890 /* Build configuration list for PBXNativeTarget "AFNDownloaderDemoUITests" */;
			buildPhases = (
				ABE921BA1E0A81EB0071E890 /* Sources */,
				ABE921BB1E0A81EB0071E890 /* Frameworks */,
				ABE921BC1E0A81EB0071E890 /* Resources */,
			);
			buildRules = (
			);
			dependencies = (
				ABE921C01E0A81EB0071E890 /* PBXTargetDependency */,
			);
			name = AFNDownloaderDemoUITests;
			productName = AFNDownloaderDemoUITests;
			productReference = ABE921BE1E0A81EB0071E890 /* AFNDownloaderDemoUITests.xctest */;
			productType = "com.apple.product-type.bundle.ui-testing";
		};
/* End PBXNativeTarget section */

/* Begin PBXProject section */
		ABE921921E0A81EB0071E890 /* Project object */ = {
			isa = PBXProject;
			attributes = {
				LastUpgradeCheck = 0810;
				ORGANIZATIONNAME = honghui;
				TargetAttributes = {
					ABE921991E0A81EB0071E890 = {
						CreatedOnToolsVersion = 8.1;
						ProvisioningStyle = Automatic;
					};
					ABE921B21E0A81EB0071E890 = {
						CreatedOnToolsVersion = 8.1;
						ProvisioningStyle = Automatic;
						TestTargetID = ABE921991E0A81EB0071E890;
					};
					ABE921BD1E0A81EB0071E890 = {
						CreatedOnToolsVersion = 8.1;
						ProvisioningStyle = Automatic;
						TestTargetID = ABE921991E0A81EB0071E890;
					};
				};
			};
			buildConfigurationList = ABE921951E0A81EB0071E890 /* Build configuration list for PBXProject "AFNDownloaderDemo" */;
			compatibilityVersion = "Xcode 3.2";
			developmentRegion = English;
			hasScannedForEncodings = 0;
			knownRegions = (
				en,
				Base,
			);
			mainGroup = ABE921911E0A81EB0071E890;
			productRefGroup = ABE9219B1E0A81EB0071E890 /* Products */;
			projectDirPath = "";
			projectRoot = "";
			targets = (
				ABE921991E0A81EB0071E890 /* AFNDownloaderDemo */,
				ABE921B21E0A81EB0071E890 /* AFNDownloaderDemoTests */,
				ABE921BD1E0A81EB0071E890 /* AFNDownloaderDemoUITests */,
			);
		};
/* End PBXProject section */

/* Begin PBXResourcesBuildPhase section */
		ABE921981E0A81EB0071E890 /* Resources */ = {
			isa = PBXResourcesBuildPhase;
			buildActionMask = 2147483647;
			files = (
				ABE921AD1E0A81EB0071E890 /* LaunchScreen.storyboard in Resources */,
				ABE921AA1E0A81EB0071E890 /* Assets.xcassets in Resources */,
				ABE921A81E0A81EB0071E890 /* Main.storyboard in Resources */,
			);
			runOnlyForDeploymentPostprocessing = 0;
		};
		ABE921B11E0A81EB0071E890 /* Resources */ = {
			isa = PBXResourcesBuildPhase;
			buildActionMask = 2147483647;
			files = (
			);
			runOnlyForDeploymentPostprocessing = 0;
		};
		ABE921BC1E0A81EB0071E890 /* Resources */ = {
			isa = PBXResourcesBuildPhase;
			buildActionMask = 2147483647;
			files = (
			);
			runOnlyForDeploymentPostprocessing = 0;
		};
/* End PBXResourcesBuildPhase section */

/* Begin PBXShellScriptBuildPhase section */
		0F379A099A7D9F8C6E2DD715 /* [CP] Copy Pods Resources */ = {
			isa = PBXShellScriptBuildPhase;
			buildActionMask = 2147483647;
			files = (
			);
			inputPaths = (
			);
			name = "[CP] Copy Pods Resources";
			outputPaths = (
			);
			runOnlyForDeploymentPostprocessing = 0;
			shellPath = /bin/sh;
			shellScript = "\"${SRCROOT}/Pods/Target Support Files/Pods-AFNDownloaderDemo/Pods-AFNDownloaderDemo-resources.sh\"\n";
			showEnvVarsInLog = 0;
		};
		CBF0A30EC26FEBBD2979397F /* [CP] Check Pods Manifest.lock */ = {
			isa = PBXShellScriptBuildPhase;
			buildActionMask = 2147483647;
			files = (
			);
			inputPaths = (
			);
			name = "[CP] Check Pods Manifest.lock";
			outputPaths = (
			);
			runOnlyForDeploymentPostprocessing = 0;
			shellPath = /bin/sh;
			shellScript = "diff \"${PODS_ROOT}/../Podfile.lock\" \"${PODS_ROOT}/Manifest.lock\" > /dev/null\nif [ $? != 0 ] ; then\n    # print error to STDERR\n    echo \"error: The sandbox is not in sync with the Podfile.lock. Run 'pod install' or update your CocoaPods installation.\" >&2\n    exit 1\nfi\n";
			showEnvVarsInLog = 0;
		};
		DBB64F2537066D22ACFCD2C7 /* [CP] Embed Pods Frameworks */ = {
			isa = PBXShellScriptBuildPhase;
			buildActionMask = 2147483647;
			files = (
			);
			inputPaths = (
			);
			name = "[CP] Embed Pods Frameworks";
			outputPaths = (
			);
			runOnlyForDeploymentPostprocessing = 0;
			shellPath = /bin/sh;
			shellScript = "\"${SRCROOT}/Pods/Target Support Files/Pods-AFNDownloaderDemo/Pods-AFNDownloaderDemo-frameworks.sh\"\n";
			showEnvVarsInLog = 0;
		};
/* End PBXShellScriptBuildPhase section */

/* Begin PBXSourcesBuildPhase section */
		ABE921961E0A81EB0071E890 /* Sources */ = {
			isa = PBXSourcesBuildPhase;
			buildActionMask = 2147483647;
			files = (
				ABE921A51E0A81EB0071E890 /* ViewController.m in Sources */,
				ABE921A21E0A81EB0071E890 /* AppDelegate.m in Sources */,
				ABE9219F1E0A81EB0071E890 /* main.m in Sources */,
			);
			runOnlyForDeploymentPostprocessing = 0;
		};
		ABE921AF1E0A81EB0071E890 /* Sources */ = {
			isa = PBXSourcesBuildPhase;
			buildActionMask = 2147483647;
			files = (
				ABE921B81E0A81EB0071E890 /* AFNDownloaderDemoTests.m in Sources */,
			);
			runOnlyForDeploymentPostprocessing = 0;
		};
		ABE921BA1E0A81EB0071E890 /* Sources */ = {
			isa = PBXSourcesBuildPhase;
			buildActionMask = 2147483647;
			files = (
				ABE921C31E0A81EB0071E890 /* AFNDownloaderDemoUITests.m in Sources */,
			);
			runOnlyForDeploymentPostprocessing = 0;
		};
/* End PBXSourcesBuildPhase section */

/* Begin PBXTargetDependency section */
		ABE921B51E0A81EB0071E890 /* PBXTargetDependency */ = {
			isa = PBXTargetDependency;
			target = ABE921991E0A81EB0071E890 /* AFNDownloaderDemo */;
			targetProxy = ABE921B41E0A81EB0071E890 /* PBXContainerItemProxy */;
		};
		ABE921C01E0A81EB0071E890 /* PBXTargetDependency */ = {
			isa = PBXTargetDependency;
			target = ABE921991E0A81EB0071E890 /* AFNDownloaderDemo */;
			targetProxy = ABE921BF1E0A81EB0071E890 /* PBXContainerItemProxy */;
		};
/* End PBXTargetDependency section */

/* Begin PBXVariantGroup section */
		ABE921A61E0A81EB0071E890 /* Main.storyboard */ = {
			isa = PBXVariantGroup;
			children = (
				ABE921A71E0A81EB0071E890 /* Base */,
			);
			name = Main.storyboard;
			sourceTree = "<group>";
		};
		ABE921AB1E0A81EB0071E890 /* LaunchScreen.storyboard */ = {
			isa = PBXVariantGroup;
			children = (
				ABE921AC1E0A81EB0071E890 /* Base */,
			);
			name = LaunchScreen.storyboard;
			sourceTree = "<group>";
		};
/* End PBXVariantGroup section */

/* Begin XCBuildConfiguration section */
		ABE921C51E0A81EB0071E890 /* Debug */ = {
			isa = XCBuildConfiguration;
			buildSettings = {
				ALWAYS_SEARCH_USER_PATHS = NO;
				CLANG_ANALYZER_NONNULL = YES;
				CLANG_CXX_LANGUAGE_STANDARD = "gnu++0x";
				CLANG_CXX_LIBRARY = "libc++";
				CLANG_ENABLE_MODULES = YES;
				CLANG_ENABLE_OBJC_ARC = YES;
				CLANG_WARN_BOOL_CONVERSION = YES;
				CLANG_WARN_CONSTANT_CONVERSION = YES;
				CLANG_WARN_DIRECT_OBJC_ISA_USAGE = YES_ERROR;
				CLANG_WARN_DOCUMENTATION_COMMENTS = YES;
				CLANG_WARN_EMPTY_BODY = YES;
				CLANG_WARN_ENUM_CONVERSION = YES;
				CLANG_WARN_INFINITE_RECURSION = YES;
				CLANG_WARN_INT_CONVERSION = YES;
				CLANG_WARN_OBJC_ROOT_CLASS = YES_ERROR;
				CLANG_WARN_SUSPICIOUS_MOVES = YES;
				CLANG_WARN_UNREACHABLE_CODE = YES;
				CLANG_WARN__DUPLICATE_METHOD_MATCH = YES;
				"CODE_SIGN_IDENTITY[sdk=iphoneos*]" = "iPhone Developer";
				COPY_PHASE_STRIP = NO;
				DEBUG_INFORMATION_FORMAT = dwarf;
				ENABLE_STRICT_OBJC_MSGSEND = YES;
				ENABLE_TESTABILITY = YES;
				GCC_C_LANGUAGE_STANDARD = gnu99;
				GCC_DYNAMIC_NO_PIC = NO;
				GCC_NO_COMMON_BLOCKS = YES;
				GCC_OPTIMIZATION_LEVEL = 0;
				GCC_PREPROCESSOR_DEFINITIONS = (
					"DEBUG=1",
					"$(inherited)",
				);
				GCC_WARN_64_TO_32_BIT_CONVERSION = YES;
				GCC_WARN_ABOUT_RETURN_TYPE = YES_ERROR;
				GCC_WARN_UNDECLARED_SELECTOR = YES;
				GCC_WARN_UNINITIALIZED_AUTOS = YES_AGGRESSIVE;
				GCC_WARN_UNUSED_FUNCTION = YES;
				GCC_WARN_UNUSED_VARIABLE = YES;
				IPHONEOS_DEPLOYMENT_TARGET = 10.1;
				MTL_ENABLE_DEBUG_INFO = YES;
				ONLY_ACTIVE_ARCH = YES;
				SDKROOT = iphoneos;
				TARGETED_DEVICE_FAMILY = "1,2";
			};
			name = Debug;
		};
		ABE921C61E0A81EB0071E890 /* Release */ = {
			isa = XCBuildConfiguration;
			buildSettings = {
				ALWAYS_SEARCH_USER_PATHS = NO;
				CLANG_ANALYZER_NONNULL = YES;
				CLANG_CXX_LANGUAGE_STANDARD = "gnu++0x";
				CLANG_CXX_LIBRARY = "libc++";
				CLANG_ENABLE_MODULES = YES;
				CLANG_ENABLE_OBJC_ARC = YES;
				CLANG_WARN_BOOL_CONVERSION = YES;
				CLANG_WARN_CONSTANT_CONVERSION = YES;
				CLANG_WARN_DIRECT_OBJC_ISA_USAGE = YES_ERROR;
				CLANG_WARN_DOCUMENTATION_COMMENTS = YES;
				CLANG_WARN_EMPTY_BODY = YES;
				CLANG_WARN_ENUM_CONVERSION = YES;
				CLANG_WARN_INFINITE_RECURSION = YES;
				CLANG_WARN_INT_CONVERSION = YES;
				CLANG_WARN_OBJC_ROOT_CLASS = YES_ERROR;
				CLANG_WARN_SUSPICIOUS_MOVES = YES;
				CLANG_WARN_UNREACHABLE_CODE = YES;
				CLANG_WARN__DUPLICATE_METHOD_MATCH = YES;
				"CODE_SIGN_IDENTITY[sdk=iphoneos*]" = "iPhone Developer";
				COPY_PHASE_STRIP = NO;
				DEBUG_INFORMATION_FORMAT = "dwarf-with-dsym";
				ENABLE_NS_ASSERTIONS = NO;
				ENABLE_STRICT_OBJC_MSGSEND = YES;
				GCC_C_LANGUAGE_STANDARD = gnu99;
				GCC_NO_COMMON_BLOCKS = YES;
				GCC_WARN_64_TO_32_BIT_CONVERSION = YES;
				GCC_WARN_ABOUT_RETURN_TYPE = YES_ERROR;
				GCC_WARN_UNDECLARED_SELECTOR = YES;
				GCC_WARN_UNINITIALIZED_AUTOS = YES_AGGRESSIVE;
				GCC_WARN_UNUSED_FUNCTION = YES;
				GCC_WARN_UNUSED_VARIABLE = YES;
				IPHONEOS_DEPLOYMENT_TARGET = 10.1;
				MTL_ENABLE_DEBUG_INFO = NO;
				SDKROOT = iphoneos;
				TARGETED_DEVICE_FAMILY = "1,2";
				VALIDATE_PRODUCT = YES;
			};
			name = Release;
		};
		ABE921C81E0A81EB0071E890 /* Debug */ = {
			isa = XCBuildConfiguration;
			baseConfigurationReference = C56FAE89641A6AF4273BC451 /* Pods-AFNDownloaderDemo.debug.xcconfig */;
			buildSettings = {
				ASSETCATALOG_COMPILER_APPICON_NAME = AppIcon;
				INFOPLIST_FILE = AFNDownloaderDemo/Info.plist;
				IPHONEOS_DEPLOYMENT_TARGET = 8.0;
				LD_RUNPATH_SEARCH_PATHS = "$(inherited) @executable_path/Frameworks";
				PRODUCT_BUNDLE_IDENTIFIER = com.boxfish.AFNDownloaderDemo;
				PRODUCT_NAME = "$(TARGET_NAME)";
			};
			name = Debug;
		};
		ABE921C91E0A81EB0071E890 /* Release */ = {
			isa = XCBuildConfiguration;
			baseConfigurationReference = DFDB37508D2A1CE1E2DB415C /* Pods-AFNDownloaderDemo.release.xcconfig */;
			buildSettings = {
				ASSETCATALOG_COMPILER_APPICON_NAME = AppIcon;
				INFOPLIST_FILE = AFNDownloaderDemo/Info.plist;
				IPHONEOS_DEPLOYMENT_TARGET = 8.0;
				LD_RUNPATH_SEARCH_PATHS = "$(inherited) @executable_path/Frameworks";
				PRODUCT_BUNDLE_IDENTIFIER = com.boxfish.AFNDownloaderDemo;
				PRODUCT_NAME = "$(TARGET_NAME)";
			};
			name = Release;
		};
		ABE921CB1E0A81EB0071E890 /* Debug */ = {
			isa = XCBuildConfiguration;
			buildSettings = {
				BUNDLE_LOADER = "$(TEST_HOST)";
				INFOPLIST_FILE = AFNDownloaderDemoTests/Info.plist;
				LD_RUNPATH_SEARCH_PATHS = "$(inherited) @executable_path/Frameworks @loader_path/Frameworks";
				PRODUCT_BUNDLE_IDENTIFIER = com.boxfish.AFNDownloaderDemoTests;
				PRODUCT_NAME = "$(TARGET_NAME)";
				TEST_HOST = "$(BUILT_PRODUCTS_DIR)/AFNDownloaderDemo.app/AFNDownloaderDemo";
			};
			name = Debug;
		};
		ABE921CC1E0A81EB0071E890 /* Release */ = {
			isa = XCBuildConfiguration;
			buildSettings = {
				BUNDLE_LOADER = "$(TEST_HOST)";
				INFOPLIST_FILE = AFNDownloaderDemoTests/Info.plist;
				LD_RUNPATH_SEARCH_PATHS = "$(inherited) @executable_path/Frameworks @loader_path/Frameworks";
				PRODUCT_BUNDLE_IDENTIFIER = com.boxfish.AFNDownloaderDemoTests;
				PRODUCT_NAME = "$(TARGET_NAME)";
				TEST_HOST = "$(BUILT_PRODUCTS_DIR)/AFNDownloaderDemo.app/AFNDownloaderDemo";
			};
			name = Release;
		};
		ABE921CE1E0A81EB0071E890 /* Debug */ = {
			isa = XCBuildConfiguration;
			buildSettings = {
				INFOPLIST_FILE = AFNDownloaderDemoUITests/Info.plist;
				LD_RUNPATH_SEARCH_PATHS = "$(inherited) @executable_path/Frameworks @loader_path/Frameworks";
				PRODUCT_BUNDLE_IDENTIFIER = com.boxfish.AFNDownloaderDemoUITests;
				PRODUCT_NAME = "$(TARGET_NAME)";
				TEST_TARGET_NAME = AFNDownloaderDemo;
			};
			name = Debug;
		};
		ABE921CF1E0A81EB0071E890 /* Release */ = {
			isa = XCBuildConfiguration;
			buildSettings = {
				INFOPLIST_FILE = AFNDownloaderDemoUITests/Info.plist;
				LD_RUNPATH_SEARCH_PATHS = "$(inherited) @executable_path/Frameworks @loader_path/Frameworks";
				PRODUCT_BUNDLE_IDENTIFIER = com.boxfish.AFNDownloaderDemoUITests;
				PRODUCT_NAME = "$(TARGET_NAME)";
				TEST_TARGET_NAME = AFNDownloaderDemo;
			};
			name = Release;
		};
/* End XCBuildConfiguration section */

/* Begin XCConfigurationList section */
		ABE921951E0A81EB0071E890 /* Build configuration list for PBXProject "AFNDownloaderDemo" */ = {
			isa = XCConfigurationList;
			buildConfigurations = (
				ABE921C51E0A81EB0071E890 /* Debug */,
				ABE921C61E0A81EB0071E890 /* Release */,
			);
			defaultConfigurationIsVisible = 0;
			defaultConfigurationName = Release;
		};
		ABE921C71E0A81EB0071E890 /* Build configuration list for PBXNativeTarget "AFNDownloaderDemo" */ = {
			isa = XCConfigurationList;
			buildConfigurations = (
				ABE921C81E0A81EB0071E890 /* Debug */,
				ABE921C91E0A81EB0071E890 /* Release */,
			);
			defaultConfigurationIsVisible = 0;
		};
		ABE921CA1E0A81EB0071E890 /* Build configuration list for PBXNativeTarget "AFNDownloaderDemoTests" */ = {
			isa = XCConfigurationList;
			buildConfigurations = (
				ABE921CB1E0A81EB0071E890 /* Debug */,
				ABE921CC1E0A81EB0071E890 /* Release */,
			);
			defaultConfigurationIsVisible = 0;
		};
		ABE921CD1E0A81EB0071E890 /* Build configuration list for PBXNativeTarget "AFNDownloaderDemoUITests" */ = {
			isa = XCConfigurationList;
			buildConfigurations = (
				ABE921CE1E0A81EB0071E890 /* Debug */,
				ABE921CF1E0A81EB0071E890 /* Release */,
			);
			defaultConfigurationIsVisible = 0;
		};
/* End XCConfigurationList section */
	};
	rootObject = ABE921921E0A81EB0071E890 /* Project object */;
}
